
Microsoft Visual Studio Solution File, Format Version 12.00
# Visual Studio Version 16
VisualStudioVersion = 16.0.30804.86
MinimumVisualStudioVersion = 10.0.40219.1
Project("{778DAE3C-4631-46EA-AA77-85C1314464D9}") = "NSSuiteCoreVbNet.Library", "NSSuiteCoreVbNet.Library\NSSuiteCoreVbNet.Library.vbproj", "{06399635-2FD8-4788-855A-A57C3C692473}"
EndProject
Project("{F184B08F-C81C-45F6-A57F-5ABD9991F28F}") = "NSSuiteCoreVbNet.Tests", "NSSuiteCoreVbNet.Tests\NSSuiteCoreVbNet.Tests.vbproj", "{A53D67AD-7986-472D-9024-32CEEDA33A08}"
EndProject
Global
	GlobalSection(SolutionConfigurationPlatforms) = preSolution
		Debug|Any CPU = Debug|Any CPU
		Release|Any CPU = Release|Any CPU
	EndGlobalSection
	GlobalSection(ProjectConfigurationPlatforms) = postSolution
		{06399635-2FD8-4788-855A-A57C3C692473}.Debug|Any CPU.ActiveCfg = Debug|Any CPU
		{06399635-2FD8-4788-855A-A57C3C692473}.Debug|Any CPU.Build.0 = Debug|Any CPU
		{06399635-2FD8-4788-855A-A57C3C692473}.Release|Any CPU.ActiveCfg = Release|Any CPU
		{06399635-2FD8-4788-855A-A57C3C692473}.Release|Any CPU.Build.0 = Release|Any CPU
		{A53D67AD-7986-472D-9024-32CEEDA33A08}.Debug|Any CPU.ActiveCfg = Debug|Any CPU
		{A53D67AD-7986-472D-9024-32CEEDA33A08}.Debug|Any CPU.Build.0 = Debug|Any CPU
		{A53D67AD-7986-472D-9024-32CEEDA33A08}.Release|Any CPU.ActiveCfg = Release|Any CPU
		{A53D67AD-7986-472D-9024-32CEEDA33A08}.Release|Any CPU.Build.0 = Release|Any CPU
	EndGlobalSection
	GlobalSection(SolutionProperties) = preSolution
		HideSolutionNode = FALSE
	EndGlobalSection
	GlobalSection(ExtensibilityGlobals) = postSolution
		SolutionGuid = {FE8165CB-4D9B-4215-A196-DB5A64C74536}
	EndGlobalSection
EndGlobal
